// !$*UTF8*$!
{
	archiveVersion = 1;
	classes = {
	};
	objectVersion = 56;
	objects = {

/* Begin PBXBuildFile section */
		B4C3D9242C1741C0008EEAFD /* MemorizeAssigmentApp.swift in Sources */ = {isa = PBXBuildFile; fileRef = B4C3D9232C1741C0008EEAFD /* MemorizeAssigmentApp.swift */; };
		B4C3D9262C1741C0008EEAFD /* ContentView.swift in Sources */ = {isa = PBXBuildFile; fileRef = B4C3D9252C1741C0008EEAFD /* ContentView.swift */; };
		B4C3D9282C1741C2008EEAFD /* Assets.xcassets in Resources */ = {isa = PBXBuildFile; fileRef = B4C3D9272C1741C2008EEAFD /* Assets.xcassets */; };
		B4C3D92B2C1741C2008EEAFD /* Preview Assets.xcassets in Resources */ = {isa = PBXBuildFile; fileRef = B4C3D92A2C1741C2008EEAFD /* Preview Assets.xcassets */; };
		B4C3D9352C1741C2008EEAFD /* MemorizeAssigmentTests.swift in Sources */ = {isa = PBXBuildFile; fileRef = B4C3D9342C1741C2008EEAFD /* MemorizeAssigmentTests.swift */; };
		B4C3D93F2C1741C2008EEAFD /* MemorizeAssigmentUITests.swift in Sources */ = {isa = PBXBuildFile; fileRef = B4C3D93E2C1741C2008EEAFD /* MemorizeAssigmentUITests.swift */; };
		B4C3D9412C1741C2008EEAFD /* MemorizeAssigmentUITestsLaunchTests.swift in Sources */ = {isa = PBXBuildFile; fileRef = B4C3D9402C1741C2008EEAFD /* MemorizeAssigmentUITestsLaunchTests.swift */; };
/* End PBXBuildFile section */

/* Begin PBXContainerItemProxy section */
		B4C3D9312C1741C2008EEAFD /* PBXContainerItemProxy */ = {
			isa = PBXContainerItemProxy;
			containerPortal = B4C3D9182C1741C0008EEAFD /* Project object */;
			proxyType = 1;
			remoteGlobalIDString = B4C3D91F2C1741C0008EEAFD;
			remoteInfo = MemorizeAssigment;
		};
		B4C3D93B2C1741C2008EEAFD /* PBXContainerItemProxy */ = {
			isa = PBXContainerItemProxy;
			containerPortal = B4C3D9182C1741C0008EEAFD /* Project object */;
			proxyType = 1;
			remoteGlobalIDString = B4C3D91F2C1741C0008EEAFD;
			remoteInfo = MemorizeAssigment;
		};
/* End PBXContainerItemProxy section */

/* Begin PBXFileReference section */
		B4C3D9202C1741C0008EEAFD /* MemorizeAssigment.app */ = {isa = PBXFileReference; explicitFileType = wrapper.application; includeInIndex = 0; path = MemorizeAssigment.app; sourceTree = BUILT_PRODUCTS_DIR; };
		B4C3D9232C1741C0008EEAFD /* MemorizeAssigmentApp.swift */ = {isa = PBXFileReference; lastKnownFileType = sourcecode.swift; path = MemorizeAssigmentApp.swift; sourceTree = "<group>"; };
		B4C3D9252C1741C0008EEAFD /* ContentView.swift */ = {isa = PBXFileReference; lastKnownFileType = sourcecode.swift; path = ContentView.swift; sourceTree = "<group>"; };
		B4C3D9272C1741C2008EEAFD /* Assets.xcassets */ = {isa = PBXFileReference; lastKnownFileType = folder.assetcatalog; path = Assets.xcassets; sourceTree = "<group>"; };
		B4C3D92A2C1741C2008EEAFD /* Preview Assets.xcassets */ = {isa = PBXFileReference; lastKnownFileType = folder.assetcatalog; path = "Preview Assets.xcassets"; sourceTree = "<group>"; };
		B4C3D9302C1741C2008EEAFD /* MemorizeAssigmentTests.xctest */ = {isa = PBXFileReference; explicitFileType = wrapper.cfbundle; includeInIndex = 0; path = MemorizeAssigmentTests.xctest; sourceTree = BUILT_PRODUCTS_DIR; };
		B4C3D9342C1741C2008EEAFD /* MemorizeAssigmentTests.swift */ = {isa = PBXFileReference; lastKnownFileType = sourcecode.swift; path = MemorizeAssigmentTests.swift; sourceTree = "<group>"; };
		B4C3D93A2C1741C2008EEAFD /* MemorizeAssigmentUITests.xctest */ = {isa = PBXFileReference; explicitFileType = wrapper.cfbundle; includeInIndex = 0; path = MemorizeAssigmentUITests.xctest; sourceTree = BUILT_PRODUCTS_DIR; };
		B4C3D93E2C1741C2008EEAFD /* MemorizeAssigmentUITests.swift */ = {isa = PBXFileReference; lastKnownFileType = sourcecode.swift; path = MemorizeAssigmentUITests.swift; sourceTree = "<group>"; };
		B4C3D9402C1741C2008EEAFD /* MemorizeAssigmentUITestsLaunchTests.swift */ = {isa = PBXFileReference; lastKnownFileType = sourcecode.swift; path = MemorizeAssigmentUITestsLaunchTests.swift; sourceTree = "<group>"; };
/* End PBXFileReference section */

/* Begin PBXFrameworksBuildPhase section */
		B4C3D91D2C1741C0008EEAFD /* Frameworks */ = {
			isa = PBXFrameworksBuildPhase;
			buildActionMask = 2147483647;
			files = (
			);
			runOnlyForDeploymentPostprocessing = 0;
		};
		B4C3D92D2C1741C2008EEAFD /* Frameworks */ = {
			isa = PBXFrameworksBuildPhase;
			buildActionMask = 2147483647;
			files = (
			);
			runOnlyForDeploymentPostprocessing = 0;
		};
		B4C3D9372C1741C2008EEAFD /* Frameworks */ = {
			isa = PBXFrameworksBuildPhase;
			buildActionMask = 2147483647;
			files = (
			);
			runOnlyForDeploymentPostprocessing = 0;
		};
/* End PBXFrameworksBuildPhase section */

/* Begin PBXGroup section */
		B4C3D9172C1741C0008EEAFD = {
			isa = PBXGroup;
			children = (
				B4C3D9222C1741C0008EEAFD /* MemorizeAssigment */,
				B4C3D9332C1741C2008EEAFD /* MemorizeAssigmentTests */,
				B4C3D93D2C1741C2008EEAFD /* MemorizeAssigmentUITests */,
				B4C3D9212C1741C0008EEAFD /* Products */,
			);
			sourceTree = "<group>";
		};
		B4C3D9212C1741C0008EEAFD /* Products */ = {
			isa = PBXGroup;
			children = (
				B4C3D9202C1741C0008EEAFD /* MemorizeAssigment.app */,
				B4C3D9302C1741C2008EEAFD /* MemorizeAssigmentTests.xctest */,
				B4C3D93A2C1741C2008EEAFD /* MemorizeAssigmentUITests.xctest */,
			);
			name = Products;
			sourceTree = "<group>";
		};
		B4C3D9222C1741C0008EEAFD /* MemorizeAssigment */ = {
			isa = PBXGroup;
			children = (
				B4C3D9232C1741C0008EEAFD /* MemorizeAssigmentApp.swift */,
				B4C3D9252C1741C0008EEAFD /* ContentView.swift */,
				B4C3D9272C1741C2008EEAFD /* Assets.xcassets */,
				B4C3D9292C1741C2008EEAFD /* Preview Content */,
			);
			path = MemorizeAssigment;
			sourceTree = "<group>";
		};
		B4C3D9292C1741C2008EEAFD /* Preview Content */ = {
			isa = PBXGroup;
			children = (
				B4C3D92A2C1741C2008EEAFD /* Preview Assets.xcassets */,
			);
			path = "Preview Content";
			sourceTree = "<group>";
		};
		B4C3D9332C1741C2008EEAFD /* MemorizeAssigmentTests */ = {
			isa = PBXGroup;
			children = (
				B4C3D9342C1741C2008EEAFD /* MemorizeAssigmentTests.swift */,
			);
			path = MemorizeAssigmentTests;
			sourceTree = "<group>";
		};
		B4C3D93D2C1741C2008EEAFD /* MemorizeAssigmentUITests */ = {
			isa = PBXGroup;
			children = (
				B4C3D93E2C1741C2008EEAFD /* MemorizeAssigmentUITests.swift */,
				B4C3D9402C1741C2008EEAFD /* MemorizeAssigmentUITestsLaunchTests.swift */,
			);
			path = MemorizeAssigmentUITests;
			sourceTree = "<group>";
		};
/* End PBXGroup section */

/* Begin PBXNativeTarget section */
		B4C3D91F2C1741C0008EEAFD /* MemorizeAssigment */ = {
			isa = PBXNativeTarget;
			buildConfigurationList = B4C3D9442C1741C2008EEAFD /* Build configuration list for PBXNativeTarget "MemorizeAssigment" */;
			buildPhases = (
				B4C3D91C2C1741C0008EEAFD /* Sources */,
				B4C3D91D2C1741C0008EEAFD /* Frameworks */,
				B4C3D91E2C1741C0008EEAFD /* Resources */,
			);
			buildRules = (
			);
			dependencies = (
			);
			name = MemorizeAssigment;
			productName = MemorizeAssigment;
			productReference = B4C3D9202C1741C0008EEAFD /* MemorizeAssigment.app */;
			productType = "com.apple.product-type.application";
		};
		B4C3D92F2C1741C2008EEAFD /* MemorizeAssigmentTests */ = {
			isa = PBXNativeTarget;
			buildConfigurationList = B4C3D9472C1741C2008EEAFD /* Build configuration list for PBXNativeTarget "MemorizeAssigmentTests" */;
			buildPhases = (
				B4C3D92C2C1741C2008EEAFD /* Sources */,
				B4C3D92D2C1741C2008EEAFD /* Frameworks */,
				B4C3D92E2C1741C2008EEAFD /* Resources */,
			);
			buildRules = (
			);
			dependencies = (
				B4C3D9322C1741C2008EEAFD /* PBXTargetDependency */,
			);
			name = MemorizeAssigmentTests;
			productName = MemorizeAssigmentTests;
			productReference = B4C3D9302C1741C2008EEAFD /* MemorizeAssigmentTests.xctest */;
			productType = "com.apple.product-type.bundle.unit-test";
		};
		B4C3D9392C1741C2008EEAFD /* MemorizeAssigmentUITests */ = {
			isa = PBXNativeTarget;
			buildConfigurationList = B4C3D94A2C1741C2008EEAFD /* Build configuration list for PBXNativeTarget "MemorizeAssigmentUITests" */;
			buildPhases = (
				B4C3D9362C1741C2008EEAFD /* Sources */,
				B4C3D9372C1741C2008EEAFD /* Frameworks */,
				B4C3D9382C1741C2008EEAFD /* Resources */,
			);
			buildRules = (
			);
			dependencies = (
				B4C3D93C2C1741C2008EEAFD /* PBXTargetDependency */,
			);
			name = MemorizeAssigmentUITests;
			productName = MemorizeAssigmentUITests;
			productReference = B4C3D93A2C1741C2008EEAFD /* MemorizeAssigmentUITests.xctest */;
			productType = "com.apple.product-type.bundle.ui-testing";
		};
/* End PBXNativeTarget section */

/* Begin PBXProject section */
		B4C3D9182C1741C0008EEAFD /* Project object */ = {
			isa = PBXProject;
			attributes = {
				BuildIndependentTargetsInParallel = 1;
				LastSwiftUpdateCheck = 1430;
				LastUpgradeCheck = 1430;
				TargetAttributes = {
					B4C3D91F2C1741C0008EEAFD = {
						CreatedOnToolsVersion = 14.3.1;
					};
					B4C3D92F2C1741C2008EEAFD = {
						CreatedOnToolsVersion = 14.3.1;
						TestTargetID = B4C3D91F2C1741C0008EEAFD;
					};
					B4C3D9392C1741C2008EEAFD = {
						CreatedOnToolsVersion = 14.3.1;
						TestTargetID = B4C3D91F2C1741C0008EEAFD;
					};
				};
			};
			buildConfigurationList = B4C3D91B2C1741C0008EEAFD /* Build configuration list for PBXProject "MemorizeAssigment" */;
			compatibilityVersion = "Xcode 14.0";
			developmentRegion = en;
			hasScannedForEncodings = 0;
			knownRegions = (
				en,
				Base,
			);
			mainGroup = B4C3D9172C1741C0008EEAFD;
			productRefGroup = B4C3D9212C1741C0008EEAFD /* Products */;
			projectDirPath = "";
			projectRoot = "";
			targets = (
				B4C3D91F2C1741C0008EEAFD /* MemorizeAssigment */,
				B4C3D92F2C1741C2008EEAFD /* MemorizeAssigmentTests */,
				B4C3D9392C1741C2008EEAFD /* MemorizeAssigmentUITests */,
			);
		};
/* End PBXProject section */

/* Begin PBXResourcesBuildPhase section */
		B4C3D91E2C1741C0008EEAFD /* Resources */ = {
			isa = PBXResourcesBuildPhase;
			buildActionMask = 2147483647;
			files = (
				B4C3D92B2C1741C2008EEAFD /* Preview Assets.xcassets in Resources */,
				B4C3D9282C1741C2008EEAFD /* Assets.xcassets in Resources */,
			);
			runOnlyForDeploymentPostprocessing = 0;
		};
		B4C3D92E2C1741C2008EEAFD /* Resources */ = {
			isa = PBXResourcesBuildPhase;
			buildActionMask = 2147483647;
			files = (
			);
			runOnlyForDeploymentPostprocessing = 0;
		};
		B4C3D9382C1741C2008EEAFD /* Resources */ = {
			isa = PBXResourcesBuildPhase;
			buildActionMask = 2147483647;
			files = (
			);
			runOnlyForDeploymentPostprocessing = 0;
		};
/* End PBXResourcesBuildPhase section */

/* Begin PBXSourcesBuildPhase section */
		B4C3D91C2C1741C0008EEAFD /* Sources */ = {
			isa = PBXSourcesBuildPhase;
			buildActionMask = 2147483647;
			files = (
				B4C3D9262C1741C0008EEAFD /* ContentView.swift in Sources */,
				B4C3D9242C1741C0008EEAFD /* MemorizeAssigmentApp.swift in Sources */,
			);
			runOnlyForDeploymentPostprocessing = 0;
		};
		B4C3D92C2C1741C2008EEAFD /* Sources */ = {
			isa = PBXSourcesBuildPhase;
			buildActionMask = 2147483647;
			files = (
				B4C3D9352C1741C2008EEAFD /* MemorizeAssigmentTests.swift in Sources */,
			);
			runOnlyForDeploymentPostprocessing = 0;
		};
		B4C3D9362C1741C2008EEAFD /* Sources */ = {
			isa = PBXSourcesBuildPhase;
			buildActionMask = 2147483647;
			files = (
				B4C3D9412C1741C2008EEAFD /* MemorizeAssigmentUITestsLaunchTests.swift in Sources */,
				B4C3D93F2C1741C2008EEAFD /* MemorizeAssigmentUITests.swift in Sources */,
			);
			runOnlyForDeploymentPostprocessing = 0;
		};
/* End PBXSourcesBuildPhase section */

/* Begin PBXTargetDependency section */
		B4C3D9322C1741C2008EEAFD /* PBXTargetDependency */ = {
			isa = PBXTargetDependency;
			target = B4C3D91F2C1741C0008EEAFD /* MemorizeAssigment */;
			targetProxy = B4C3D9312C1741C2008EEAFD /* PBXContainerItemProxy */;
		};
		B4C3D93C2C1741C2008EEAFD /* PBXTargetDependency */ = {
			isa = PBXTargetDependency;
			target = B4C3D91F2C1741C0008EEAFD /* MemorizeAssigment */;
			targetProxy = B4C3D93B2C1741C2008EEAFD /* PBXContainerItemProxy */;
		};
/* End PBXTargetDependency section */

/* Begin XCBuildConfiguration section */
		B4C3D9422C1741C2008EEAFD /* Debug */ = {
			isa = XCBuildConfiguration;
			buildSettings = {
				ALWAYS_SEARCH_USER_PATHS = NO;
				CLANG_ANALYZER_NONNULL = YES;
				CLANG_ANALYZER_NUMBER_OBJECT_CONVERSION = YES_AGGRESSIVE;
				CLANG_CXX_LANGUAGE_STANDARD = "gnu++20";
				CLANG_ENABLE_MODULES = YES;
				CLANG_ENABLE_OBJC_ARC = YES;
				CLANG_ENABLE_OBJC_WEAK = YES;
				CLANG_WARN_BLOCK_CAPTURE_AUTORELEASING = YES;
				CLANG_WARN_BOOL_CONVERSION = YES;
				CLANG_WARN_COMMA = YES;
				CLANG_WARN_CONSTANT_CONVERSION = YES;
				CLANG_WARN_DEPRECATED_OBJC_IMPLEMENTATIONS = YES;
				CLANG_WARN_DIRECT_OBJC_ISA_USAGE = YES_ERROR;
				CLANG_WARN_DOCUMENTATION_COMMENTS = YES;
				CLANG_WARN_EMPTY_BODY = YES;
				CLANG_WARN_ENUM_CONVERSION = YES;
				CLANG_WARN_INFINITE_RECURSION = YES;
				CLANG_WARN_INT_CONVERSION = YES;
				CLANG_WARN_NON_LITERAL_NULL_CONVERSION = YES;
				CLANG_WARN_OBJC_IMPLICIT_RETAIN_SELF = YES;
				CLANG_WARN_OBJC_LITERAL_CONVERSION = YES;
				CLANG_WARN_OBJC_ROOT_CLASS = YES_ERROR;
				CLANG_WARN_QUOTED_INCLUDE_IN_FRAMEWORK_HEADER = YES;
				CLANG_WARN_RANGE_LOOP_ANALYSIS = YES;
				CLANG_WARN_STRICT_PROTOTYPES = YES;
				CLANG_WARN_SUSPICIOUS_MOVE = YES;
				CLANG_WARN_UNGUARDED_AVAILABILITY = YES_AGGRESSIVE;
				CLANG_WARN_UNREACHABLE_CODE = YES;
				CLANG_WARN__DUPLICATE_METHOD_MATCH = YES;
				COPY_PHASE_STRIP = NO;
				DEBUG_INFORMATION_FORMAT = dwarf;
				ENABLE_STRICT_OBJC_MSGSEND = YES;
				ENABLE_TESTABILITY = YES;
				GCC_C_LANGUAGE_STANDARD = gnu11;
				GCC_DYNAMIC_NO_PIC = NO;
				GCC_NO_COMMON_BLOCKS = YES;
				GCC_OPTIMIZATION_LEVEL = 0;
				GCC_PREPROCESSOR_DEFINITIONS = (
					"DEBUG=1",
					"$(inherited)",
				);
				GCC_WARN_64_TO_32_BIT_CONVERSION = YES;
				GCC_WARN_ABOUT_RETURN_TYPE = YES_ERROR;
				GCC_WARN_UNDECLARED_SELECTOR = YES;
				GCC_WARN_UNINITIALIZED_AUTOS = YES_AGGRESSIVE;
				GCC_WARN_UNUSED_FUNCTION = YES;
				GCC_WARN_UNUSED_VARIABLE = YES;
				IPHONEOS_DEPLOYMENT_TARGET = 16.4;
				MTL_ENABLE_DEBUG_INFO = INCLUDE_SOURCE;
				MTL_FAST_MATH = YES;
				ONLY_ACTIVE_ARCH = YES;
				SDKROOT = iphoneos;
				SWIFT_ACTIVE_COMPILATION_CONDITIONS = DEBUG;
				SWIFT_OPTIMIZATION_LEVEL = "-Onone";
			};
			name = Debug;
		};
		B4C3D9432C1741C2008EEAFD /* Release */ = {
			isa = XCBuildConfiguration;
			buildSettings = {
				ALWAYS_SEARCH_USER_PATHS = NO;
				CLANG_ANALYZER_NONNULL = YES;
				CLANG_ANALYZER_NUMBER_OBJECT_CONVERSION = YES_AGGRESSIVE;
				CLANG_CXX_LANGUAGE_STANDARD = "gnu++20";
				CLANG_ENABLE_MODULES = YES;
				CLANG_ENABLE_OBJC_ARC = YES;
				CLANG_ENABLE_OBJC_WEAK = YES;
				CLANG_WARN_BLOCK_CAPTURE_AUTORELEASING = YES;
				CLANG_WARN_BOOL_CONVERSION = YES;
				CLANG_WARN_COMMA = YES;
				CLANG_WARN_CONSTANT_CONVERSION = YES;
				CLANG_WARN_DEPRECATED_OBJC_IMPLEMENTATIONS = YES;
				CLANG_WARN_DIRECT_OBJC_ISA_USAGE = YES_ERROR;
				CLANG_WARN_DOCUMENTATION_COMMENTS = YES;
				CLANG_WARN_EMPTY_BODY = YES;
				CLANG_WARN_ENUM_CONVERSION = YES;
				CLANG_WARN_INFINITE_RECURSION = YES;
				CLANG_WARN_INT_CONVERSION = YES;
				CLANG_WARN_NON_LITERAL_NULL_CONVERSION = YES;
				CLANG_WARN_OBJC_IMPLICIT_RETAIN_SELF = YES;
				CLANG_WARN_OBJC_LITERAL_CONVERSION = YES;
				CLANG_WARN_OBJC_ROOT_CLASS = YES_ERROR;
				CLANG_WARN_QUOTED_INCLUDE_IN_FRAMEWORK_HEADER = YES;
				CLANG_WARN_RANGE_LOOP_ANALYSIS = YES;
				CLANG_WARN_STRICT_PROTOTYPES = YES;
				CLANG_WARN_SUSPICIOUS_MOVE = YES;
				CLANG_WARN_UNGUARDED_AVAILABILITY = YES_AGGRESSIVE;
				CLANG_WARN_UNREACHABLE_CODE = YES;
				CLANG_WARN__DUPLICATE_METHOD_MATCH = YES;
				COPY_PHASE_STRIP = NO;
				DEBUG_INFORMATION_FORMAT = "dwarf-with-dsym";
				ENABLE_NS_ASSERTIONS = NO;
				ENABLE_STRICT_OBJC_MSGSEND = YES;
				GCC_C_LANGUAGE_STANDARD = gnu11;
				GCC_NO_COMMON_BLOCKS = YES;
				GCC_WARN_64_TO_32_BIT_CONVERSION = YES;
				GCC_WARN_ABOUT_RETURN_TYPE = YES_ERROR;
				GCC_WARN_UNDECLARED_SELECTOR = YES;
				GCC_WARN_UNINITIALIZED_AUTOS = YES_AGGRESSIVE;
				GCC_WARN_UNUSED_FUNCTION = YES;
				GCC_WARN_UNUSED_VARIABLE = YES;
				IPHONEOS_DEPLOYMENT_TARGET = 16.4;
				MTL_ENABLE_DEBUG_INFO = NO;
				MTL_FAST_MATH = YES;
				SDKROOT = iphoneos;
				SWIFT_COMPILATION_MODE = wholemodule;
				SWIFT_OPTIMIZATION_LEVEL = "-O";
				VALIDATE_PRODUCT = YES;
			};
			name = Release;
		};
		B4C3D9452C1741C2008EEAFD /* Debug */ = {
			isa = XCBuildConfiguration;
			buildSettings = {
				ASSETCATALOG_COMPILER_APPICON_NAME = AppIcon;
				ASSETCATALOG_COMPILER_GLOBAL_ACCENT_COLOR_NAME = AccentColor;
				CODE_SIGN_STYLE = Automatic;
				CURRENT_PROJECT_VERSION = 1;
				DEVELOPMENT_ASSET_PATHS = "\"MemorizeAssigment/Preview Content\"";
				DEVELOPMENT_TEAM = M9CZMWJ9XC;
				ENABLE_PREVIEWS = YES;
				GENERATE_INFOPLIST_FILE = YES;
				INFOPLIST_KEY_UIApplicationSceneManifest_Generation = YES;
				INFOPLIST_KEY_UIApplicationSupportsIndirectInputEvents = YES;
				INFOPLIST_KEY_UILaunchScreen_Generation = YES;
				INFOPLIST_KEY_UISupportedInterfaceOrientations_iPad = "UIInterfaceOrientationPortrait UIInterfaceOrientationPortraitUpsideDown UIInterfaceOrientationLandscapeLeft UIInterfaceOrientationLandscapeRight";
				INFOPLIST_KEY_UISupportedInterfaceOrientations_iPhone = "UIInterfaceOrientationPortrait UIInterfaceOrientationLandscapeLeft UIInterfaceOrientationLandscapeRight";
				LD_RUNPATH_SEARCH_PATHS = (
					"$(inherited)",
					"@executable_path/Frameworks",
				);
				MARKETING_VERSION = 1.0;
				PRODUCT_BUNDLE_IDENTIFIER = com.apple.EmergencyApp.MemorizeAssigment;
				PRODUCT_NAME = "$(TARGET_NAME)";
				SWIFT_EMIT_LOC_STRINGS = YES;
				SWIFT_VERSION = 5.0;
				TARGETED_DEVICE_FAMILY = "1,2";
			};
			name = Debug;
		};
		B4C3D9462C1741C2008EEAFD /* Release */ = {
			isa = XCBuildConfiguration;
			buildSettings = {
				ASSETCATALOG_COMPILER_APPICON_NAME = AppIcon;
				ASSETCATALOG_COMPILER_GLOBAL_ACCENT_COLOR_NAME = AccentColor;
				CODE_SIGN_STYLE = Automatic;
				CURRENT_PROJECT_VERSION = 1;
				DEVELOPMENT_ASSET_PATHS = "\"MemorizeAssigment/Preview Content\"";
				DEVELOPMENT_TEAM = M9CZMWJ9XC;
				ENABLE_PREVIEWS = YES;
				GENERATE_INFOPLIST_FILE = YES;
				INFOPLIST_KEY_UIApplicationSceneManifest_Generation = YES;
				INFOPLIST_KEY_UIApplicationSupportsIndirectInputEvents = YES;
				INFOPLIST_KEY_UILaunchScreen_Generation = YES;
				INFOPLIST_KEY_UISupportedInterfaceOrientations_iPad = "UIInterfaceOrientationPortrait UIInterfaceOrientationPortraitUpsideDown UIInterfaceOrientationLandscapeLeft UIInterfaceOrientationLandscapeRight";
				INFOPLIST_KEY_UISupportedInterfaceOrientations_iPhone = "UIInterfaceOrientationPortrait UIInterfaceOrientationLandscapeLeft UIInterfaceOrientationLandscapeRight";
				LD_RUNPATH_SEARCH_PATHS = (
					"$(inherited)",
					"@executable_path/Frameworks",
				);
				MARKETING_VERSION = 1.0;
				PRODUCT_BUNDLE_IDENTIFIER = com.apple.EmergencyApp.MemorizeAssigment;
				PRODUCT_NAME = "$(TARGET_NAME)";
				SWIFT_EMIT_LOC_STRINGS = YES;
				SWIFT_VERSION = 5.0;
				TARGETED_DEVICE_FAMILY = "1,2";
			};
			name = Release;
		};
		B4C3D9482C1741C2008EEAFD /* Debug */ = {
			isa = XCBuildConfiguration;
			buildSettings = {
				ALWAYS_EMBED_SWIFT_STANDARD_LIBRARIES = YES;
				BUNDLE_LOADER = "$(TEST_HOST)";
				CODE_SIGN_STYLE = Automatic;
				CURRENT_PROJECT_VERSION = 1;
				DEVELOPMENT_TEAM = M9CZMWJ9XC;
				GENERATE_INFOPLIST_FILE = YES;
				IPHONEOS_DEPLOYMENT_TARGET = 16.4;
				MARKETING_VERSION = 1.0;
				PRODUCT_BUNDLE_IDENTIFIER = com.apple.EmergencyApp.MemorizeAssigmentTests;
				PRODUCT_NAME = "$(TARGET_NAME)";
				SWIFT_EMIT_LOC_STRINGS = NO;
				SWIFT_VERSION = 5.0;
				TARGETED_DEVICE_FAMILY = "1,2";
				TEST_HOST = "$(BUILT_PRODUCTS_DIR)/MemorizeAssigment.app/$(BUNDLE_EXECUTABLE_FOLDER_PATH)/MemorizeAssigment";
			};
			name = Debug;
		};
		B4C3D9492C1741C2008EEAFD /* Release */ = {
			isa = XCBuildConfiguration;
			buildSettings = {
				ALWAYS_EMBED_SWIFT_STANDARD_LIBRARIES = YES;
				BUNDLE_LOADER = "$(TEST_HOST)";
				CODE_SIGN_STYLE = Automatic;
				CURRENT_PROJECT_VERSION = 1;
				DEVELOPMENT_TEAM = M9CZMWJ9XC;
				GENERATE_INFOPLIST_FILE = YES;
				IPHONEOS_DEPLOYMENT_TARGET = 16.4;
				MARKETING_VERSION = 1.0;
				PRODUCT_BUNDLE_IDENTIFIER = com.apple.EmergencyApp.MemorizeAssigmentTests;
				PRODUCT_NAME = "$(TARGET_NAME)";
				SWIFT_EMIT_LOC_STRINGS = NO;
				SWIFT_VERSION = 5.0;
				TARGETED_DEVICE_FAMILY = "1,2";
				TEST_HOST = "$(BUILT_PRODUCTS_DIR)/MemorizeAssigment.app/$(BUNDLE_EXECUTABLE_FOLDER_PATH)/MemorizeAssigment";
			};
			name = Release;
		};
		B4C3D94B2C1741C2008EEAFD /* Debug */ = {
			isa = XCBuildConfiguration;
			buildSettings = {
				ALWAYS_EMBED_SWIFT_STANDARD_LIBRARIES = YES;
				CODE_SIGN_STYLE = Automatic;
				CURRENT_PROJECT_VERSION = 1;
				DEVELOPMENT_TEAM = M9CZMWJ9XC;
				GENERATE_INFOPLIST_FILE = YES;
				MARKETING_VERSION = 1.0;
				PRODUCT_BUNDLE_IDENTIFIER = com.apple.EmergencyApp.MemorizeAssigmentUITests;
				PRODUCT_NAME = "$(TARGET_NAME)";
				SWIFT_EMIT_LOC_STRINGS = NO;
				SWIFT_VERSION = 5.0;
				TARGETED_DEVICE_FAMILY = "1,2";
				TEST_TARGET_NAME = MemorizeAssigment;
			};
			name = Debug;
		};
		B4C3D94C2C1741C2008EEAFD /* Release */ = {
			isa = XCBuildConfiguration;
			buildSettings = {
				ALWAYS_EMBED_SWIFT_STANDARD_LIBRARIES = YES;
				CODE_SIGN_STYLE = Automatic;
				CURRENT_PROJECT_VERSION = 1;
				DEVELOPMENT_TEAM = M9CZMWJ9XC;
				GENERATE_INFOPLIST_FILE = YES;
				MARKETING_VERSION = 1.0;
				PRODUCT_BUNDLE_IDENTIFIER = com.apple.EmergencyApp.MemorizeAssigmentUITests;
				PRODUCT_NAME = "$(TARGET_NAME)";
				SWIFT_EMIT_LOC_STRINGS = NO;
				SWIFT_VERSION = 5.0;
				TARGETED_DEVICE_FAMILY = "1,2";
				TEST_TARGET_NAME = MemorizeAssigment;
			};
			name = Release;
		};
/* End XCBuildConfiguration section */

/* Begin XCConfigurationList section */
		B4C3D91B2C1741C0008EEAFD /* Build configuration list for PBXProject "MemorizeAssigment" */ = {
			isa = XCConfigurationList;
			buildConfigurations = (
				B4C3D9422C1741C2008EEAFD /* Debug */,
				B4C3D9432C1741C2008EEAFD /* Release */,
			);
			defaultConfigurationIsVisible = 0;
			defaultConfigurationName = Release;
		};
		B4C3D9442C1741C2008EEAFD /* Build configuration list for PBXNativeTarget "MemorizeAssigment" */ = {
			isa = XCConfigurationList;
			buildConfigurations = (
				B4C3D9452C1741C2008EEAFD /* Debug */,
				B4C3D9462C1741C2008EEAFD /* Release */,
			);
			defaultConfigurationIsVisible = 0;
			defaultConfigurationName = Release;
		};
		B4C3D9472C1741C2008EEAFD /* Build configuration list for PBXNativeTarget "MemorizeAssigmentTests" */ = {
			isa = XCConfigurationList;
			buildConfigurations = (
				B4C3D9482C1741C2008EEAFD /* Debug */,
				B4C3D9492C1741C2008EEAFD /* Release */,
			);
			defaultConfigurationIsVisible = 0;
			defaultConfigurationName = Release;
		};
		B4C3D94A2C1741C2008EEAFD /* Build configuration list for PBXNativeTarget "MemorizeAssigmentUITests" */ = {
			isa = XCConfigurationList;
			buildConfigurations = (
				B4C3D94B2C1741C2008EEAFD /* Debug */,
				B4C3D94C2C1741C2008EEAFD /* Release */,
			);
			defaultConfigurationIsVisible = 0;
			defaultConfigurationName = Release;
		};
/* End XCConfigurationList section */
	};
	rootObject = B4C3D9182C1741C0008EEAFD /* Project object */;
}
